Microsoft Visual Studio Solution File, Format Version 12.00
# Visual Studio 2012
Project("{FAE04EC0-301F-11D3-BF4B-00C04F79EFBC}") = "vantix", "vantix.csproj", "{49CC3951-9653-4762-8581-9D2A5A5AB983}"
EndProject
Global
	GlobalSection(SolutionConfigurationPlatforms) = preSolution
	Debug|Any CPU = Debug|Any CPU
	ExportDebug|Any CPU = ExportDebug|Any CPU
	ExportRelease|Any CPU = ExportRelease|Any CPU
	EndGlobalSection
	GlobalSection(ProjectConfigurationPlatforms) = postSolution
		{49CC3951-9653-4762-8581-9D2A5A5AB983}.Debug|Any CPU.ActiveCfg = Debug|Any CPU
		{49CC3951-9653-4762-8581-9D2A5A5AB983}.Debug|Any CPU.Build.0 = Debug|Any CPU
		{49CC3951-9653-4762-8581-9D2A5A5AB983}.ExportDebug|Any CPU.ActiveCfg = ExportDebug|Any CPU
		{49CC3951-9653-4762-8581-9D2A5A5AB983}.ExportDebug|Any CPU.Build.0 = ExportDebug|Any CPU
		{49CC3951-9653-4762-8581-9D2A5A5AB983}.ExportRelease|Any CPU.ActiveCfg = ExportRelease|Any CPU
		{49CC3951-9653-4762-8581-9D2A5A5AB983}.ExportRelease|Any CPU.Build.0 = ExportRelease|Any CPU
	EndGlobalSection
EndGlobal
